
Microsoft Visual Studio Solution File, Format Version 12.00
# Visual Studio Version 17
VisualStudioVersion = 17.14.36414.22 d17.14
MinimumVisualStudioVersion = 10.0.40219.1
Project("{FAE04EC0-301F-11D3-BF4B-00C04F79EFBC}") = "ContactsManager.UI", "ContaxctsManager UI\ContactsManager.UI.csproj", "{2CDD425E-F5E2-43CD-B256-424D8E44F48B}"
EndProject
Project("{2150E333-8FDC-42A3-9474-1A3956D46DE8}") = "src", "src", "{02EA681E-C7D8-13C7-8484-4AC65E1B71E8}"
EndProject
Project("{2150E333-8FDC-42A3-9474-1A3956D46DE8}") = "Tests", "Tests", "{4D65FEDA-7CE2-4C3B-AC18-821D535B04EB}"
EndProject
Project("{FAE04EC0-301F-11D3-BF4B-00C04F79EFBC}") = "ContactsManager.Core", "ContactsManager.Core\ContactsManager.Core.csproj", "{422B87E7-6723-4986-B0CF-5FDE3F016466}"
EndProject
Project("{FAE04EC0-301F-11D3-BF4B-00C04F79EFBC}") = "ContactsManager.Infrastructure", "ContactsManager.Infrastructure\ContactsManager.Infrastructure.csproj", "{741D9B57-2DEA-428A-88F2-69B0DF19522E}"
EndProject
Project("{FAE04EC0-301F-11D3-BF4B-00C04F79EFBC}") = "ContactsManager.ServiceTest", "ContactsManager.ServiceTest\ContactsManager.ServiceTest.csproj", "{8F37B6FD-F5E5-411F-BA49-6D7A0DB3495F}"
EndProject
Project("{FAE04EC0-301F-11D3-BF4B-00C04F79EFBC}") = "ContactsManager.ControllerTest", "ContactsManager.ControllerTest\ContactsManager.ControllerTest.csproj", "{C06FCC30-4E8B-481E-AC00-55F1A10334DB}"
EndProject
Project("{FAE04EC0-301F-11D3-BF4B-00C04F79EFBC}") = "ContactsManager.IntegrationTest", "ContactsManager.IntegrationTest\ContactsManager.IntegrationTest.csproj", "{F1C84D88-B5E7-4114-A766-46C856B0D8F4}"
EndProject
Global
	GlobalSection(SolutionConfigurationPlatforms) = preSolution
		Debug|Any CPU = Debug|Any CPU
		Release|Any CPU = Release|Any CPU
	EndGlobalSection
	GlobalSection(ProjectConfigurationPlatforms) = postSolution
		{2CDD425E-F5E2-43CD-B256-424D8E44F48B}.Debug|Any CPU.ActiveCfg = Debug|Any CPU
		{2CDD425E-F5E2-43CD-B256-424D8E44F48B}.Debug|Any CPU.Build.0 = Debug|Any CPU
		{2CDD425E-F5E2-43CD-B256-424D8E44F48B}.Release|Any CPU.ActiveCfg = Release|Any CPU
		{2CDD425E-F5E2-43CD-B256-424D8E44F48B}.Release|Any CPU.Build.0 = Release|Any CPU
		{422B87E7-6723-4986-B0CF-5FDE3F016466}.Debug|Any CPU.ActiveCfg = Debug|Any CPU
		{422B87E7-6723-4986-B0CF-5FDE3F016466}.Debug|Any CPU.Build.0 = Debug|Any CPU
		{422B87E7-6723-4986-B0CF-5FDE3F016466}.Release|Any CPU.ActiveCfg = Release|Any CPU
		{422B87E7-6723-4986-B0CF-5FDE3F016466}.Release|Any CPU.Build.0 = Release|Any CPU
		{741D9B57-2DEA-428A-88F2-69B0DF19522E}.Debug|Any CPU.ActiveCfg = Debug|Any CPU
		{741D9B57-2DEA-428A-88F2-69B0DF19522E}.Debug|Any CPU.Build.0 = Debug|Any CPU
		{741D9B57-2DEA-428A-88F2-69B0DF19522E}.Release|Any CPU.ActiveCfg = Release|Any CPU
		{741D9B57-2DEA-428A-88F2-69B0DF19522E}.Release|Any CPU.Build.0 = Release|Any CPU
		{8F37B6FD-F5E5-411F-BA49-6D7A0DB3495F}.Debug|Any CPU.ActiveCfg = Debug|Any CPU
		{8F37B6FD-F5E5-411F-BA49-6D7A0DB3495F}.Debug|Any CPU.Build.0 = Debug|Any CPU
		{8F37B6FD-F5E5-411F-BA49-6D7A0DB3495F}.Release|Any CPU.ActiveCfg = Release|Any CPU
		{8F37B6FD-F5E5-411F-BA49-6D7A0DB3495F}.Release|Any CPU.Build.0 = Release|Any CPU
		{C06FCC30-4E8B-481E-AC00-55F1A10334DB}.Debug|Any CPU.ActiveCfg = Debug|Any CPU
		{C06FCC30-4E8B-481E-AC00-55F1A10334DB}.Debug|Any CPU.Build.0 = Debug|Any CPU
		{C06FCC30-4E8B-481E-AC00-55F1A10334DB}.Release|Any CPU.ActiveCfg = Release|Any CPU
		{C06FCC30-4E8B-481E-AC00-55F1A10334DB}.Release|Any CPU.Build.0 = Release|Any CPU
		{F1C84D88-B5E7-4114-A766-46C856B0D8F4}.Debug|Any CPU.ActiveCfg = Debug|Any CPU
		{F1C84D88-B5E7-4114-A766-46C856B0D8F4}.Debug|Any CPU.Build.0 = Debug|Any CPU
		{F1C84D88-B5E7-4114-A766-46C856B0D8F4}.Release|Any CPU.ActiveCfg = Release|Any CPU
		{F1C84D88-B5E7-4114-A766-46C856B0D8F4}.Release|Any CPU.Build.0 = Release|Any CPU
	EndGlobalSection
	GlobalSection(SolutionProperties) = preSolution
		HideSolutionNode = FALSE
	EndGlobalSection
	GlobalSection(NestedProjects) = preSolution
		{2CDD425E-F5E2-43CD-B256-424D8E44F48B} = {02EA681E-C7D8-13C7-8484-4AC65E1B71E8}
		{422B87E7-6723-4986-B0CF-5FDE3F016466} = {02EA681E-C7D8-13C7-8484-4AC65E1B71E8}
		{741D9B57-2DEA-428A-88F2-69B0DF19522E} = {02EA681E-C7D8-13C7-8484-4AC65E1B71E8}
		{8F37B6FD-F5E5-411F-BA49-6D7A0DB3495F} = {4D65FEDA-7CE2-4C3B-AC18-821D535B04EB}
		{C06FCC30-4E8B-481E-AC00-55F1A10334DB} = {4D65FEDA-7CE2-4C3B-AC18-821D535B04EB}
		{F1C84D88-B5E7-4114-A766-46C856B0D8F4} = {4D65FEDA-7CE2-4C3B-AC18-821D535B04EB}
	EndGlobalSection
	GlobalSection(ExtensibilityGlobals) = postSolution
		SolutionGuid = {0A92D11D-CBE1-4912-8FA8-1736B38CD4A5}
	EndGlobalSection
EndGlobal
