
Microsoft Visual Studio Solution File, Format Version 12.00
# Visual Studio Version 17
VisualStudioVersion = 17.14.36310.24 d17.14
MinimumVisualStudioVersion = 10.0.40219.1
Project("{FAE04EC0-301F-11D3-BF4B-00C04F79EFBC}") = "UseWhenExample", "UseWhenExample\UseWhenExample.csproj", "{C1390A49-3104-4A34-BF67-3DA54F1F81EB}"
EndProject
Global
	GlobalSection(SolutionConfigurationPlatforms) = preSolution
		Debug|Any CPU = Debug|Any CPU
		Release|Any CPU = Release|Any CPU
	EndGlobalSection
	GlobalSection(ProjectConfigurationPlatforms) = postSolution
		{C1390A49-3104-4A34-BF67-3DA54F1F81EB}.Debug|Any CPU.ActiveCfg = Debug|Any CPU
		{C1390A49-3104-4A34-BF67-3DA54F1F81EB}.Debug|Any CPU.Build.0 = Debug|Any CPU
		{C1390A49-3104-4A34-BF67-3DA54F1F81EB}.Release|Any CPU.ActiveCfg = Release|Any CPU
		{C1390A49-3104-4A34-BF67-3DA54F1F81EB}.Release|Any CPU.Build.0 = Release|Any CPU
	EndGlobalSection
	GlobalSection(SolutionProperties) = preSolution
		HideSolutionNode = FALSE
	EndGlobalSection
	GlobalSection(ExtensibilityGlobals) = postSolution
		SolutionGuid = {E495BE6A-9046-4374-AC8E-82E6E77E46EC}
	EndGlobalSection
EndGlobal
