
Microsoft Visual Studio Solution File, Format Version 12.00
# Visual Studio Version 17
VisualStudioVersion = 17.14.36310.24
MinimumVisualStudioVersion = 10.0.40219.1
Project("{FAE04EC0-301F-11D3-BF4B-00C04F79EFBC}") = "CRUDExample", "CRUDExample\CRUDExample.csproj", "{6790A67C-6597-40C1-9873-9A0D30F3D421}"
EndProject
Project("{FAE04EC0-301F-11D3-BF4B-00C04F79EFBC}") = "CRUDTests", "CRUDTests\CRUDTests.csproj", "{A696D6EA-E9B0-41C6-B88C-8EEB199FFD71}"
EndProject
Project("{FAE04EC0-301F-11D3-BF4B-00C04F79EFBC}") = "Entities", "Entities\Entities.csproj", "{BE3AECF2-3EF2-4B2A-AEFB-1758FE395271}"
EndProject
Project("{FAE04EC0-301F-11D3-BF4B-00C04F79EFBC}") = "ServiceContracts", "ServiceContracts\ServiceContracts.csproj", "{760DA50F-94E0-435D-A78C-775BCB7FE483}"
EndProject
Project("{FAE04EC0-301F-11D3-BF4B-00C04F79EFBC}") = "Services", "Services\Services.csproj", "{0E2A8BBC-B61A-40AC-9742-E79220415A37}"
EndProject
Project("{FAE04EC0-301F-11D3-BF4B-00C04F79EFBC}") = "RepositoryContracts", "RepositoryContracts]\RepositoryContracts.csproj", "{09C62882-1AB0-4C0C-A0D8-CDBADE64B6AA}"
EndProject
Project("{FAE04EC0-301F-11D3-BF4B-00C04F79EFBC}") = "Repository", "Repository\Repository.csproj", "{4DED9075-6909-4F29-970F-2186A5E548E6}"
EndProject
Global
	GlobalSection(SolutionConfigurationPlatforms) = preSolution
		Debug|Any CPU = Debug|Any CPU
		Release|Any CPU = Release|Any CPU
	EndGlobalSection
	GlobalSection(ProjectConfigurationPlatforms) = postSolution
		{6790A67C-6597-40C1-9873-9A0D30F3D421}.Debug|Any CPU.ActiveCfg = Debug|Any CPU
		{6790A67C-6597-40C1-9873-9A0D30F3D421}.Debug|Any CPU.Build.0 = Debug|Any CPU
		{6790A67C-6597-40C1-9873-9A0D30F3D421}.Release|Any CPU.ActiveCfg = Release|Any CPU
		{6790A67C-6597-40C1-9873-9A0D30F3D421}.Release|Any CPU.Build.0 = Release|Any CPU
		{A696D6EA-E9B0-41C6-B88C-8EEB199FFD71}.Debug|Any CPU.ActiveCfg = Debug|Any CPU
		{A696D6EA-E9B0-41C6-B88C-8EEB199FFD71}.Debug|Any CPU.Build.0 = Debug|Any CPU
		{A696D6EA-E9B0-41C6-B88C-8EEB199FFD71}.Release|Any CPU.ActiveCfg = Release|Any CPU
		{A696D6EA-E9B0-41C6-B88C-8EEB199FFD71}.Release|Any CPU.Build.0 = Release|Any CPU
		{BE3AECF2-3EF2-4B2A-AEFB-1758FE395271}.Debug|Any CPU.ActiveCfg = Debug|Any CPU
		{BE3AECF2-3EF2-4B2A-AEFB-1758FE395271}.Debug|Any CPU.Build.0 = Debug|Any CPU
		{BE3AECF2-3EF2-4B2A-AEFB-1758FE395271}.Release|Any CPU.ActiveCfg = Release|Any CPU
		{BE3AECF2-3EF2-4B2A-AEFB-1758FE395271}.Release|Any CPU.Build.0 = Release|Any CPU
		{760DA50F-94E0-435D-A78C-775BCB7FE483}.Debug|Any CPU.ActiveCfg = Debug|Any CPU
		{760DA50F-94E0-435D-A78C-775BCB7FE483}.Debug|Any CPU.Build.0 = Debug|Any CPU
		{760DA50F-94E0-435D-A78C-775BCB7FE483}.Release|Any CPU.ActiveCfg = Release|Any CPU
		{760DA50F-94E0-435D-A78C-775BCB7FE483}.Release|Any CPU.Build.0 = Release|Any CPU
		{0E2A8BBC-B61A-40AC-9742-E79220415A37}.Debug|Any CPU.ActiveCfg = Debug|Any CPU
		{0E2A8BBC-B61A-40AC-9742-E79220415A37}.Debug|Any CPU.Build.0 = Debug|Any CPU
		{0E2A8BBC-B61A-40AC-9742-E79220415A37}.Release|Any CPU.ActiveCfg = Release|Any CPU
		{0E2A8BBC-B61A-40AC-9742-E79220415A37}.Release|Any CPU.Build.0 = Release|Any CPU
		{09C62882-1AB0-4C0C-A0D8-CDBADE64B6AA}.Debug|Any CPU.ActiveCfg = Debug|Any CPU
		{09C62882-1AB0-4C0C-A0D8-CDBADE64B6AA}.Debug|Any CPU.Build.0 = Debug|Any CPU
		{09C62882-1AB0-4C0C-A0D8-CDBADE64B6AA}.Release|Any CPU.ActiveCfg = Release|Any CPU
		{09C62882-1AB0-4C0C-A0D8-CDBADE64B6AA}.Release|Any CPU.Build.0 = Release|Any CPU
		{4DED9075-6909-4F29-970F-2186A5E548E6}.Debug|Any CPU.ActiveCfg = Debug|Any CPU
		{4DED9075-6909-4F29-970F-2186A5E548E6}.Debug|Any CPU.Build.0 = Debug|Any CPU
		{4DED9075-6909-4F29-970F-2186A5E548E6}.Release|Any CPU.ActiveCfg = Release|Any CPU
		{4DED9075-6909-4F29-970F-2186A5E548E6}.Release|Any CPU.Build.0 = Release|Any CPU
	EndGlobalSection
	GlobalSection(SolutionProperties) = preSolution
		HideSolutionNode = FALSE
	EndGlobalSection
	GlobalSection(ExtensibilityGlobals) = postSolution
		SolutionGuid = {E883D604-1529-4B0E-AA9C-0EE043321197}
	EndGlobalSection
EndGlobal
