
Microsoft Visual Studio Solution File, Format Version 12.00
# Visual Studio Version 17
VisualStudioVersion = 17.14.36310.24 d17.14
MinimumVisualStudioVersion = 10.0.40219.1
Project("{FAE04EC0-301F-11D3-BF4B-00C04F79EFBC}") = "ConfigurationExample", "ConfigurationExample\ConfigurationExample.csproj", "{E5F1BC1C-CBB2-445C-BCD9-EF0422FFDE06}"
EndProject
Global
	GlobalSection(SolutionConfigurationPlatforms) = preSolution
		Debug|Any CPU = Debug|Any CPU
		Release|Any CPU = Release|Any CPU
	EndGlobalSection
	GlobalSection(ProjectConfigurationPlatforms) = postSolution
		{E5F1BC1C-CBB2-445C-BCD9-EF0422FFDE06}.Debug|Any CPU.ActiveCfg = Debug|Any CPU
		{E5F1BC1C-CBB2-445C-BCD9-EF0422FFDE06}.Debug|Any CPU.Build.0 = Debug|Any CPU
		{E5F1BC1C-CBB2-445C-BCD9-EF0422FFDE06}.Release|Any CPU.ActiveCfg = Release|Any CPU
		{E5F1BC1C-CBB2-445C-BCD9-EF0422FFDE06}.Release|Any CPU.Build.0 = Release|Any CPU
	EndGlobalSection
	GlobalSection(SolutionProperties) = preSolution
		HideSolutionNode = FALSE
	EndGlobalSection
	GlobalSection(ExtensibilityGlobals) = postSolution
		SolutionGuid = {52226E2C-45B5-4F8F-B2D2-FE6321910BFE}
	EndGlobalSection
EndGlobal
